
Microsoft Visual Studio Solution File, Format Version 12.00
# Visual Studio Version 16
VisualStudioVersion = 16.0.29609.76
MinimumVisualStudioVersion = 10.0.40219.1
Project("{FAE04EC0-301F-11D3-BF4B-00C04F79EFBC}") = "DISPLAY, ADD, EDIT AND DELETE FROM DATABASE", "DISPLAY, ADD, EDIT AND DELETE FROM DATABASE\DISPLAY, ADD, EDIT AND DELETE FROM DATABASE.csproj", "{B2B19229-806A-4CD3-A440-0104308AA88F}"
EndProject
Global
	GlobalSection(SolutionConfigurationPlatforms) = preSolution
		Debug|Any CPU = Debug|Any CPU
		Release|Any CPU = Release|Any CPU
	EndGlobalSection
	GlobalSection(ProjectConfigurationPlatforms) = postSolution
		{B2B19229-806A-4CD3-A440-0104308AA88F}.Debug|Any CPU.ActiveCfg = Debug|Any CPU
		{B2B19229-806A-4CD3-A440-0104308AA88F}.Debug|Any CPU.Build.0 = Debug|Any CPU
		{B2B19229-806A-4CD3-A440-0104308AA88F}.Release|Any CPU.ActiveCfg = Release|Any CPU
		{B2B19229-806A-4CD3-A440-0104308AA88F}.Release|Any CPU.Build.0 = Release|Any CPU
	EndGlobalSection
	GlobalSection(SolutionProperties) = preSolution
		HideSolutionNode = FALSE
	EndGlobalSection
	GlobalSection(ExtensibilityGlobals) = postSolution
		SolutionGuid = {F628FDF8-59AB-43EA-98D4-4D0770F31598}
	EndGlobalSection
EndGlobal
